
Microsoft Visual Studio Solution File, Format Version 12.00
# Visual Studio Version 17
VisualStudioVersion = 17.1.32421.90
MinimumVisualStudioVersion = 10.0.40219.1
Project("{8BC9CEB8-8B4A-11D0-8D11-00A0C91BC942}") = "Win32GameEngine", "Win32GameEngine.vcxproj", "{B7EC86C9-287A-4459-B732-6D8F6536E950}"
EndProject
Global
	GlobalSection(SolutionConfigurationPlatforms) = preSolution
		Debug|x64 = Debug|x64
		Debug|x86 = Debug|x86
		Release|x64 = Release|x64
		Release|x86 = Release|x86
	EndGlobalSection
	GlobalSection(ProjectConfigurationPlatforms) = postSolution
		{B7EC86C9-287A-4459-B732-6D8F6536E950}.Debug|x64.ActiveCfg = Debug|x64
		{B7EC86C9-287A-4459-B732-6D8F6536E950}.Debug|x64.Build.0 = Debug|x64
		{B7EC86C9-287A-4459-B732-6D8F6536E950}.Debug|x86.ActiveCfg = Debug|Win32
		{B7EC86C9-287A-4459-B732-6D8F6536E950}.Debug|x86.Build.0 = Debug|Win32
		{B7EC86C9-287A-4459-B732-6D8F6536E950}.Release|x64.ActiveCfg = Release|x64
		{B7EC86C9-287A-4459-B732-6D8F6536E950}.Release|x64.Build.0 = Release|x64
		{B7EC86C9-287A-4459-B732-6D8F6536E950}.Release|x86.ActiveCfg = Release|Win32
		{B7EC86C9-287A-4459-B732-6D8F6536E950}.Release|x86.Build.0 = Release|Win32
	EndGlobalSection
	GlobalSection(SolutionProperties) = preSolution
		HideSolutionNode = FALSE
	EndGlobalSection
	GlobalSection(ExtensibilityGlobals) = postSolution
		SolutionGuid = {B809AA8B-6CC7-416A-B197-E3AC1751DA91}
	EndGlobalSection
EndGlobal
